// !$*UTF8*$!
{
	archiveVersion = 1;
	classes = {
	};
	objectVersion = 56;
	objects = {

/* Begin PBXBuildFile section */
		ED01F85E29732DCE00CEAE1C /* PeopleM4Ch6App.swift in Sources */ = {isa = PBXBuildFile; fileRef = ED01F85D29732DCE00CEAE1C /* PeopleM4Ch6App.swift */; };
		ED01F86029732DCE00CEAE1C /* ContentView.swift in Sources */ = {isa = PBXBuildFile; fileRef = ED01F85F29732DCE00CEAE1C /* ContentView.swift */; };
		ED01F86229732DD100CEAE1C /* Assets.xcassets in Resources */ = {isa = PBXBuildFile; fileRef = ED01F86129732DD100CEAE1C /* Assets.xcassets */; };
		ED01F86529732DD100CEAE1C /* Preview Assets.xcassets in Resources */ = {isa = PBXBuildFile; fileRef = ED01F86429732DD100CEAE1C /* Preview Assets.xcassets */; };
		EDF9E09329732FDD00F689F4 /* Model.swift in Sources */ = {isa = PBXBuildFile; fileRef = EDF9E09229732FDD00F689F4 /* Model.swift */; };
		EDF9E0952973320100F689F4 /* People.swift in Sources */ = {isa = PBXBuildFile; fileRef = EDF9E0942973320100F689F4 /* People.swift */; };
/* End PBXBuildFile section */

/* Begin PBXFileReference section */
		ED01F85A29732DCE00CEAE1C /* PeopleM4Ch6.app */ = {isa = PBXFileReference; explicitFileType = wrapper.application; includeInIndex = 0; path = PeopleM4Ch6.app; sourceTree = BUILT_PRODUCTS_DIR; };
		ED01F85D29732DCE00CEAE1C /* PeopleM4Ch6App.swift */ = {isa = PBXFileReference; lastKnownFileType = sourcecode.swift; path = PeopleM4Ch6App.swift; sourceTree = "<group>"; };
		ED01F85F29732DCE00CEAE1C /* ContentView.swift */ = {isa = PBXFileReference; lastKnownFileType = sourcecode.swift; path = ContentView.swift; sourceTree = "<group>"; };
		ED01F86129732DD100CEAE1C /* Assets.xcassets */ = {isa = PBXFileReference; lastKnownFileType = folder.assetcatalog; path = Assets.xcassets; sourceTree = "<group>"; };
		ED01F86429732DD100CEAE1C /* Preview Assets.xcassets */ = {isa = PBXFileReference; lastKnownFileType = folder.assetcatalog; path = "Preview Assets.xcassets"; sourceTree = "<group>"; };
		EDF9E09229732FDD00F689F4 /* Model.swift */ = {isa = PBXFileReference; lastKnownFileType = sourcecode.swift; path = Model.swift; sourceTree = "<group>"; };
		EDF9E0942973320100F689F4 /* People.swift */ = {isa = PBXFileReference; lastKnownFileType = sourcecode.swift; path = People.swift; sourceTree = "<group>"; };
		EDF9E0962973357400F689F4 /* ReadMe.md */ = {isa = PBXFileReference; lastKnownFileType = net.daringfireball.markdown; path = ReadMe.md; sourceTree = "<group>"; };
/* End PBXFileReference section */

/* Begin PBXFrameworksBuildPhase section */
		ED01F85729732DCE00CEAE1C /* Frameworks */ = {
			isa = PBXFrameworksBuildPhase;
			buildActionMask = 2147483647;
			files = (
			);
			runOnlyForDeploymentPostprocessing = 0;
		};
/* End PBXFrameworksBuildPhase section */

/* Begin PBXGroup section */
		ED01F85129732DCE00CEAE1C = {
			isa = PBXGroup;
			children = (
				ED01F85C29732DCE00CEAE1C /* PeopleM4Ch6 */,
				ED01F85B29732DCE00CEAE1C /* Products */,
			);
			sourceTree = "<group>";
		};
		ED01F85B29732DCE00CEAE1C /* Products */ = {
			isa = PBXGroup;
			children = (
				ED01F85A29732DCE00CEAE1C /* PeopleM4Ch6.app */,
			);
			name = Products;
			sourceTree = "<group>";
		};
		ED01F85C29732DCE00CEAE1C /* PeopleM4Ch6 */ = {
			isa = PBXGroup;
			children = (
				ED01F86C29732E6B00CEAE1C /* Views */,
				ED01F86B29732E5600CEAE1C /* Model */,
				ED01F85D29732DCE00CEAE1C /* PeopleM4Ch6App.swift */,
				ED01F86129732DD100CEAE1C /* Assets.xcassets */,
				ED01F86329732DD100CEAE1C /* Preview Content */,
				EDF9E0962973357400F689F4 /* ReadMe.md */,
			);
			path = PeopleM4Ch6;
			sourceTree = "<group>";
		};
		ED01F86329732DD100CEAE1C /* Preview Content */ = {
			isa = PBXGroup;
			children = (
				ED01F86429732DD100CEAE1C /* Preview Assets.xcassets */,
			);
			path = "Preview Content";
			sourceTree = "<group>";
		};
		ED01F86B29732E5600CEAE1C /* Model */ = {
			isa = PBXGroup;
			children = (
				EDF9E09229732FDD00F689F4 /* Model.swift */,
			);
			path = Model;
			sourceTree = "<group>";
		};
		ED01F86C29732E6B00CEAE1C /* Views */ = {
			isa = PBXGroup;
			children = (
				ED01F85F29732DCE00CEAE1C /* ContentView.swift */,
				EDF9E0942973320100F689F4 /* People.swift */,
			);
			path = Views;
			sourceTree = "<group>";
		};
/* End PBXGroup section */

/* Begin PBXNativeTarget section */
		ED01F85929732DCE00CEAE1C /* PeopleM4Ch6 */ = {
			isa = PBXNativeTarget;
			buildConfigurationList = ED01F86829732DD100CEAE1C /* Build configuration list for PBXNativeTarget "PeopleM4Ch6" */;
			buildPhases = (
				ED01F85629732DCE00CEAE1C /* Sources */,
				ED01F85729732DCE00CEAE1C /* Frameworks */,
				ED01F85829732DCE00CEAE1C /* Resources */,
			);
			buildRules = (
			);
			dependencies = (
			);
			name = PeopleM4Ch6;
			productName = PeopleM4Ch6;
			productReference = ED01F85A29732DCE00CEAE1C /* PeopleM4Ch6.app */;
			productType = "com.apple.product-type.application";
		};
/* End PBXNativeTarget section */

/* Begin PBXProject section */
		ED01F85229732DCE00CEAE1C /* Project object */ = {
			isa = PBXProject;
			attributes = {
				BuildIndependentTargetsInParallel = 1;
				LastSwiftUpdateCheck = 1420;
				LastUpgradeCheck = 1420;
				TargetAttributes = {
					ED01F85929732DCE00CEAE1C = {
						CreatedOnToolsVersion = 14.2;
					};
				};
			};
			buildConfigurationList = ED01F85529732DCE00CEAE1C /* Build configuration list for PBXProject "PeopleM4Ch6" */;
			compatibilityVersion = "Xcode 14.0";
			developmentRegion = en;
			hasScannedForEncodings = 0;
			knownRegions = (
				en,
				Base,
			);
			mainGroup = ED01F85129732DCE00CEAE1C;
			productRefGroup = ED01F85B29732DCE00CEAE1C /* Products */;
			projectDirPath = "";
			projectRoot = "";
			targets = (
				ED01F85929732DCE00CEAE1C /* PeopleM4Ch6 */,
			);
		};
/* End PBXProject section */

/* Begin PBXResourcesBuildPhase section */
		ED01F85829732DCE00CEAE1C /* Resources */ = {
			isa = PBXResourcesBuildPhase;
			buildActionMask = 2147483647;
			files = (
				ED01F86529732DD100CEAE1C /* Preview Assets.xcassets in Resources */,
				ED01F86229732DD100CEAE1C /* Assets.xcassets in Resources */,
			);
			runOnlyForDeploymentPostprocessing = 0;
		};
/* End PBXResourcesBuildPhase section */

/* Begin PBXSourcesBuildPhase section */
		ED01F85629732DCE00CEAE1C /* Sources */ = {
			isa = PBXSourcesBuildPhase;
			buildActionMask = 2147483647;
			files = (
				EDF9E0952973320100F689F4 /* People.swift in Sources */,
				EDF9E09329732FDD00F689F4 /* Model.swift in Sources */,
				ED01F86029732DCE00CEAE1C /* ContentView.swift in Sources */,
				ED01F85E29732DCE00CEAE1C /* PeopleM4Ch6App.swift in Sources */,
			);
			runOnlyForDeploymentPostprocessing = 0;
		};
/* End PBXSourcesBuildPhase section */

/* Begin XCBuildConfiguration section */
		ED01F86629732DD100CEAE1C /* Debug */ = {
			isa = XCBuildConfiguration;
			buildSettings = {
				ALWAYS_SEARCH_USER_PATHS = NO;
				CLANG_ANALYZER_NONNULL = YES;
				CLANG_ANALYZER_NUMBER_OBJECT_CONVERSION = YES_AGGRESSIVE;
				CLANG_CXX_LANGUAGE_STANDARD = "gnu++20";
				CLANG_ENABLE_MODULES = YES;
				CLANG_ENABLE_OBJC_ARC = YES;
				CLANG_ENABLE_OBJC_WEAK = YES;
				CLANG_WARN_BLOCK_CAPTURE_AUTORELEASING = YES;
				CLANG_WARN_BOOL_CONVERSION = YES;
				CLANG_WARN_COMMA = YES;
				CLANG_WARN_CONSTANT_CONVERSION = YES;
				CLANG_WARN_DEPRECATED_OBJC_IMPLEMENTATIONS = YES;
				CLANG_WARN_DIRECT_OBJC_ISA_USAGE = YES_ERROR;
				CLANG_WARN_DOCUMENTATION_COMMENTS = YES;
				CLANG_WARN_EMPTY_BODY = YES;
				CLANG_WARN_ENUM_CONVERSION = YES;
				CLANG_WARN_INFINITE_RECURSION = YES;
				CLANG_WARN_INT_CONVERSION = YES;
				CLANG_WARN_NON_LITERAL_NULL_CONVERSION = YES;
				CLANG_WARN_OBJC_IMPLICIT_RETAIN_SELF = YES;
				CLANG_WARN_OBJC_LITERAL_CONVERSION = YES;
				CLANG_WARN_OBJC_ROOT_CLASS = YES_ERROR;
				CLANG_WARN_QUOTED_INCLUDE_IN_FRAMEWORK_HEADER = YES;
				CLANG_WARN_RANGE_LOOP_ANALYSIS = YES;
				CLANG_WARN_STRICT_PROTOTYPES = YES;
				CLANG_WARN_SUSPICIOUS_MOVE = YES;
				CLANG_WARN_UNGUARDED_AVAILABILITY = YES_AGGRESSIVE;
				CLANG_WARN_UNREACHABLE_CODE = YES;
				CLANG_WARN__DUPLICATE_METHOD_MATCH = YES;
				COPY_PHASE_STRIP = NO;
				DEBUG_INFORMATION_FORMAT = dwarf;
				ENABLE_STRICT_OBJC_MSGSEND = YES;
				ENABLE_TESTABILITY = YES;
				GCC_C_LANGUAGE_STANDARD = gnu11;
				GCC_DYNAMIC_NO_PIC = NO;
				GCC_NO_COMMON_BLOCKS = YES;
				GCC_OPTIMIZATION_LEVEL = 0;
				GCC_PREPROCESSOR_DEFINITIONS = (
					"DEBUG=1",
					"$(inherited)",
				);
				GCC_WARN_64_TO_32_BIT_CONVERSION = YES;
				GCC_WARN_ABOUT_RETURN_TYPE = YES_ERROR;
				GCC_WARN_UNDECLARED_SELECTOR = YES;
				GCC_WARN_UNINITIALIZED_AUTOS = YES_AGGRESSIVE;
				GCC_WARN_UNUSED_FUNCTION = YES;
				GCC_WARN_UNUSED_VARIABLE = YES;
				IPHONEOS_DEPLOYMENT_TARGET = 16.2;
				MTL_ENABLE_DEBUG_INFO = INCLUDE_SOURCE;
				MTL_FAST_MATH = YES;
				ONLY_ACTIVE_ARCH = YES;
				SDKROOT = iphoneos;
				SWIFT_ACTIVE_COMPILATION_CONDITIONS = DEBUG;
				SWIFT_OPTIMIZATION_LEVEL = "-Onone";
			};
			name = Debug;
		};
		ED01F86729732DD100CEAE1C /* Release */ = {
			isa = XCBuildConfiguration;
			buildSettings = {
				ALWAYS_SEARCH_USER_PATHS = NO;
				CLANG_ANALYZER_NONNULL = YES;
				CLANG_ANALYZER_NUMBER_OBJECT_CONVERSION = YES_AGGRESSIVE;
				CLANG_CXX_LANGUAGE_STANDARD = "gnu++20";
				CLANG_ENABLE_MODULES = YES;
				CLANG_ENABLE_OBJC_ARC = YES;
				CLANG_ENABLE_OBJC_WEAK = YES;
				CLANG_WARN_BLOCK_CAPTURE_AUTORELEASING = YES;
				CLANG_WARN_BOOL_CONVERSION = YES;
				CLANG_WARN_COMMA = YES;
				CLANG_WARN_CONSTANT_CONVERSION = YES;
				CLANG_WARN_DEPRECATED_OBJC_IMPLEMENTATIONS = YES;
				CLANG_WARN_DIRECT_OBJC_ISA_USAGE = YES_ERROR;
				CLANG_WARN_DOCUMENTATION_COMMENTS = YES;
				CLANG_WARN_EMPTY_BODY = YES;
				CLANG_WARN_ENUM_CONVERSION = YES;
				CLANG_WARN_INFINITE_RECURSION = YES;
				CLANG_WARN_INT_CONVERSION = YES;
				CLANG_WARN_NON_LITERAL_NULL_CONVERSION = YES;
				CLANG_WARN_OBJC_IMPLICIT_RETAIN_SELF = YES;
				CLANG_WARN_OBJC_LITERAL_CONVERSION = YES;
				CLANG_WARN_OBJC_ROOT_CLASS = YES_ERROR;
				CLANG_WARN_QUOTED_INCLUDE_IN_FRAMEWORK_HEADER = YES;
				CLANG_WARN_RANGE_LOOP_ANALYSIS = YES;
				CLANG_WARN_STRICT_PROTOTYPES = YES;
				CLANG_WARN_SUSPICIOUS_MOVE = YES;
				CLANG_WARN_UNGUARDED_AVAILABILITY = YES_AGGRESSIVE;
				CLANG_WARN_UNREACHABLE_CODE = YES;
				CLANG_WARN__DUPLICATE_METHOD_MATCH = YES;
				COPY_PHASE_STRIP = NO;
				DEBUG_INFORMATION_FORMAT = "dwarf-with-dsym";
				ENABLE_NS_ASSERTIONS = NO;
				ENABLE_STRICT_OBJC_MSGSEND = YES;
				GCC_C_LANGUAGE_STANDARD = gnu11;
				GCC_NO_COMMON_BLOCKS = YES;
				GCC_WARN_64_TO_32_BIT_CONVERSION = YES;
				GCC_WARN_ABOUT_RETURN_TYPE = YES_ERROR;
				GCC_WARN_UNDECLARED_SELECTOR = YES;
				GCC_WARN_UNINITIALIZED_AUTOS = YES_AGGRESSIVE;
				GCC_WARN_UNUSED_FUNCTION = YES;
				GCC_WARN_UNUSED_VARIABLE = YES;
				IPHONEOS_DEPLOYMENT_TARGET = 16.2;
				MTL_ENABLE_DEBUG_INFO = NO;
				MTL_FAST_MATH = YES;
				SDKROOT = iphoneos;
				SWIFT_COMPILATION_MODE = wholemodule;
				SWIFT_OPTIMIZATION_LEVEL = "-O";
				VALIDATE_PRODUCT = YES;
			};
			name = Release;
		};
		ED01F86929732DD100CEAE1C /* Debug */ = {
			isa = XCBuildConfiguration;
			buildSettings = {
				ASSETCATALOG_COMPILER_APPICON_NAME = AppIcon;
				ASSETCATALOG_COMPILER_GLOBAL_ACCENT_COLOR_NAME = AccentColor;
				CODE_SIGN_STYLE = Automatic;
				CURRENT_PROJECT_VERSION = 1;
				DEVELOPMENT_ASSET_PATHS = "\"PeopleM4Ch6/Preview Content\"";
				DEVELOPMENT_TEAM = 3UGUE4KHSL;
				ENABLE_PREVIEWS = YES;
				GENERATE_INFOPLIST_FILE = YES;
				INFOPLIST_KEY_UIApplicationSceneManifest_Generation = YES;
				INFOPLIST_KEY_UIApplicationSupportsIndirectInputEvents = YES;
				INFOPLIST_KEY_UILaunchScreen_Generation = YES;
				INFOPLIST_KEY_UISupportedInterfaceOrientations_iPad = "UIInterfaceOrientationPortrait UIInterfaceOrientationPortraitUpsideDown UIInterfaceOrientationLandscapeLeft UIInterfaceOrientationLandscapeRight";
				INFOPLIST_KEY_UISupportedInterfaceOrientations_iPhone = "UIInterfaceOrientationPortrait UIInterfaceOrientationLandscapeLeft UIInterfaceOrientationLandscapeRight";
				LD_RUNPATH_SEARCH_PATHS = (
					"$(inherited)",
					"@executable_path/Frameworks",
				);
				MARKETING_VERSION = 1.0;
				PRODUCT_BUNDLE_IDENTIFIER = com.CraigFalasco.PeopleM4Ch6;
				PRODUCT_NAME = "$(TARGET_NAME)";
				SWIFT_EMIT_LOC_STRINGS = YES;
				SWIFT_VERSION = 5.0;
				TARGETED_DEVICE_FAMILY = "1,2";
			};
			name = Debug;
		};
		ED01F86A29732DD100CEAE1C /* Release */ = {
			isa = XCBuildConfiguration;
			buildSettings = {
				ASSETCATALOG_COMPILER_APPICON_NAME = AppIcon;
				ASSETCATALOG_COMPILER_GLOBAL_ACCENT_COLOR_NAME = AccentColor;
				CODE_SIGN_STYLE = Automatic;
				CURRENT_PROJECT_VERSION = 1;
				DEVELOPMENT_ASSET_PATHS = "\"PeopleM4Ch6/Preview Content\"";
				DEVELOPMENT_TEAM = 3UGUE4KHSL;
				ENABLE_PREVIEWS = YES;
				GENERATE_INFOPLIST_FILE = YES;
				INFOPLIST_KEY_UIApplicationSceneManifest_Generation = YES;
				INFOPLIST_KEY_UIApplicationSupportsIndirectInputEvents = YES;
				INFOPLIST_KEY_UILaunchScreen_Generation = YES;
				INFOPLIST_KEY_UISupportedInterfaceOrientations_iPad = "UIInterfaceOrientationPortrait UIInterfaceOrientationPortraitUpsideDown UIInterfaceOrientationLandscapeLeft UIInterfaceOrientationLandscapeRight";
				INFOPLIST_KEY_UISupportedInterfaceOrientations_iPhone = "UIInterfaceOrientationPortrait UIInterfaceOrientationLandscapeLeft UIInterfaceOrientationLandscapeRight";
				LD_RUNPATH_SEARCH_PATHS = (
					"$(inherited)",
					"@executable_path/Frameworks",
				);
				MARKETING_VERSION = 1.0;
				PRODUCT_BUNDLE_IDENTIFIER = com.CraigFalasco.PeopleM4Ch6;
				PRODUCT_NAME = "$(TARGET_NAME)";
				SWIFT_EMIT_LOC_STRINGS = YES;
				SWIFT_VERSION = 5.0;
				TARGETED_DEVICE_FAMILY = "1,2";
			};
			name = Release;
		};
/* End XCBuildConfiguration section */

/* Begin XCConfigurationList section */
		ED01F85529732DCE00CEAE1C /* Build configuration list for PBXProject "PeopleM4Ch6" */ = {
			isa = XCConfigurationList;
			buildConfigurations = (
				ED01F86629732DD100CEAE1C /* Debug */,
				ED01F86729732DD100CEAE1C /* Release */,
			);
			defaultConfigurationIsVisible = 0;
			defaultConfigurationName = Release;
		};
		ED01F86829732DD100CEAE1C /* Build configuration list for PBXNativeTarget "PeopleM4Ch6" */ = {
			isa = XCConfigurationList;
			buildConfigurations = (
				ED01F86929732DD100CEAE1C /* Debug */,
				ED01F86A29732DD100CEAE1C /* Release */,
			);
			defaultConfigurationIsVisible = 0;
			defaultConfigurationName = Release;
		};
/* End XCConfigurationList section */
	};
	rootObject = ED01F85229732DCE00CEAE1C /* Project object */;
}
